
Microsoft Visual Studio Solution File, Format Version 12.00
# Visual Studio 15
VisualStudioVersion = 15.0.28307.902
MinimumVisualStudioVersion = 10.0.40219.1
Project("{FAE04EC0-301F-11D3-BF4B-00C04F79EFBC}") = "CASSharp", "CASSharp.csproj", "{32597041-F4F6-41C1-9232-DA392799E0DD}"
EndProject
Project("{FAE04EC0-301F-11D3-BF4B-00C04F79EFBC}") = "FastColoredTextBox", "..\FastColoredTextBox\FastColoredTextBox\FastColoredTextBox.csproj", "{6DD14A85-CCFC-4774-BD26-0F5772512319}"
EndProject
Project("{FAE04EC0-301F-11D3-BF4B-00C04F79EFBC}") = "ReadLine", "..\ReadLine\ReadLine.csproj", "{77FAA1E8-2B1D-45A7-99F2-A0C1E7034862}"
EndProject
Project("{2150E333-8FDC-42A3-9474-1A3956D46DE8}") = "otros", "otros", "{5FD13119-B74A-49B6-AEE2-5FF27F6B626A}"
	ProjectSection(SolutionItems) = preProject
		Is number primer.txt = Is number primer.txt
		links.txt = links.txt
	EndProjectSection
EndProject
Project("{FAE04EC0-301F-11D3-BF4B-00C04F79EFBC}") = "CASSharp.Core", "CASSharp.Core\CASSharp.Core.csproj", "{132A459F-2990-42A4-AC15-7AC4E6A70F5A}"
EndProject
Project("{FAE04EC0-301F-11D3-BF4B-00C04F79EFBC}") = "CASSharp.Console", "CASSharp.Console\CASSharp.Console.csproj", "{ADC725A4-B107-4FFE-8397-2A8D8918E948}"
EndProject
Project("{FAE04EC0-301F-11D3-BF4B-00C04F79EFBC}") = "CASSharp.WinForms", "CASSharp.WinForms\CASSharp.WinForms.csproj", "{571A6965-CDEC-4B45-9356-FE93FFE886D4}"
EndProject
Global
	GlobalSection(SolutionConfigurationPlatforms) = preSolution
		Debug|Any CPU = Debug|Any CPU
		Release|Any CPU = Release|Any CPU
	EndGlobalSection
	GlobalSection(ProjectConfigurationPlatforms) = postSolution
		{32597041-F4F6-41C1-9232-DA392799E0DD}.Debug|Any CPU.ActiveCfg = Debug|Any CPU
		{32597041-F4F6-41C1-9232-DA392799E0DD}.Debug|Any CPU.Build.0 = Debug|Any CPU
		{32597041-F4F6-41C1-9232-DA392799E0DD}.Release|Any CPU.ActiveCfg = Release|Any CPU
		{32597041-F4F6-41C1-9232-DA392799E0DD}.Release|Any CPU.Build.0 = Release|Any CPU
		{6DD14A85-CCFC-4774-BD26-0F5772512319}.Debug|Any CPU.ActiveCfg = Debug|Any CPU
		{6DD14A85-CCFC-4774-BD26-0F5772512319}.Debug|Any CPU.Build.0 = Debug|Any CPU
		{6DD14A85-CCFC-4774-BD26-0F5772512319}.Release|Any CPU.ActiveCfg = Release|Any CPU
		{6DD14A85-CCFC-4774-BD26-0F5772512319}.Release|Any CPU.Build.0 = Release|Any CPU
		{77FAA1E8-2B1D-45A7-99F2-A0C1E7034862}.Debug|Any CPU.ActiveCfg = Debug|Any CPU
		{77FAA1E8-2B1D-45A7-99F2-A0C1E7034862}.Debug|Any CPU.Build.0 = Debug|Any CPU
		{77FAA1E8-2B1D-45A7-99F2-A0C1E7034862}.Release|Any CPU.ActiveCfg = Release|Any CPU
		{77FAA1E8-2B1D-45A7-99F2-A0C1E7034862}.Release|Any CPU.Build.0 = Release|Any CPU
		{132A459F-2990-42A4-AC15-7AC4E6A70F5A}.Debug|Any CPU.ActiveCfg = Debug|Any CPU
		{132A459F-2990-42A4-AC15-7AC4E6A70F5A}.Debug|Any CPU.Build.0 = Debug|Any CPU
		{132A459F-2990-42A4-AC15-7AC4E6A70F5A}.Release|Any CPU.ActiveCfg = Release|Any CPU
		{132A459F-2990-42A4-AC15-7AC4E6A70F5A}.Release|Any CPU.Build.0 = Release|Any CPU
		{ADC725A4-B107-4FFE-8397-2A8D8918E948}.Debug|Any CPU.ActiveCfg = Debug|Any CPU
		{ADC725A4-B107-4FFE-8397-2A8D8918E948}.Debug|Any CPU.Build.0 = Debug|Any CPU
		{ADC725A4-B107-4FFE-8397-2A8D8918E948}.Release|Any CPU.ActiveCfg = Release|Any CPU
		{ADC725A4-B107-4FFE-8397-2A8D8918E948}.Release|Any CPU.Build.0 = Release|Any CPU
		{571A6965-CDEC-4B45-9356-FE93FFE886D4}.Debug|Any CPU.ActiveCfg = Debug|Any CPU
		{571A6965-CDEC-4B45-9356-FE93FFE886D4}.Debug|Any CPU.Build.0 = Debug|Any CPU
		{571A6965-CDEC-4B45-9356-FE93FFE886D4}.Release|Any CPU.ActiveCfg = Release|Any CPU
		{571A6965-CDEC-4B45-9356-FE93FFE886D4}.Release|Any CPU.Build.0 = Release|Any CPU
	EndGlobalSection
	GlobalSection(SolutionProperties) = preSolution
		HideSolutionNode = FALSE
	EndGlobalSection
	GlobalSection(ExtensibilityGlobals) = postSolution
		SolutionGuid = {69920F4A-6F6A-48C4-BAD6-6C9296EB6A8B}
	EndGlobalSection
EndGlobal
